// !$*UTF8*$!
{
	archiveVersion = 1;
	classes = {
	};
	objectVersion = 46;
	objects = {

/* Begin PBXBuildFile section */
		F47B22711C8FEDFA00483467 /* AppDelegate.swift in Sources */ = {isa = PBXBuildFile; fileRef = F47B22701C8FEDFA00483467 /* AppDelegate.swift */; };
		F47B22731C8FEDFA00483467 /* ViewController.swift in Sources */ = {isa = PBXBuildFile; fileRef = F47B22721C8FEDFA00483467 /* ViewController.swift */; };
		F47B22761C8FEDFA00483467 /* Main.storyboard in Resources */ = {isa = PBXBuildFile; fileRef = F47B22741C8FEDFA00483467 /* Main.storyboard */; };
		F47B22781C8FEDFA00483467 /* Assets.xcassets in Resources */ = {isa = PBXBuildFile; fileRef = F47B22771C8FEDFA00483467 /* Assets.xcassets */; };
		F47B227B1C8FEDFA00483467 /* LaunchScreen.storyboard in Resources */ = {isa = PBXBuildFile; fileRef = F47B22791C8FEDFA00483467 /* LaunchScreen.storyboard */; };
/* End PBXBuildFile section */

/* Begin PBXFileReference section */
		F47B226D1C8FEDFA00483467 /* FlapyBird.app */ = {isa = PBXFileReference; explicitFileType = wrapper.application; includeInIndex = 0; path = FlapyBird.app; sourceTree = BUILT_PRODUCTS_DIR; };
		F47B22701C8FEDFA00483467 /* AppDelegate.swift */ = {isa = PBXFileReference; lastKnownFileType = sourcecode.swift; path = AppDelegate.swift; sourceTree = "<group>"; };
		F47B22721C8FEDFA00483467 /* ViewController.swift */ = {isa = PBXFileReference; lastKnownFileType = sourcecode.swift; path = ViewController.swift; sourceTree = "<group>"; };
		F47B22751C8FEDFA00483467 /* Base */ = {isa = PBXFileReference; lastKnownFileType = file.storyboard; name = Base; path = Base.lproj/Main.storyboard; sourceTree = "<group>"; };
		F47B22771C8FEDFA00483467 /* Assets.xcassets */ = {isa = PBXFileReference; lastKnownFileType = folder.assetcatalog; path = Assets.xcassets; sourceTree = "<group>"; };
		F47B227A1C8FEDFA00483467 /* Base */ = {isa = PBXFileReference; lastKnownFileType = file.storyboard; name = Base; path = Base.lproj/LaunchScreen.storyboard; sourceTree = "<group>"; };
		F47B227C1C8FEDFA00483467 /* Info.plist */ = {isa = PBXFileReference; lastKnownFileType = text.plist.xml; path = Info.plist; sourceTree = "<group>"; };
/* End PBXFileReference section */

/* Begin PBXFrameworksBuildPhase section */
		F47B226A1C8FEDFA00483467 /* Frameworks */ = {
			isa = PBXFrameworksBuildPhase;
			buildActionMask = 2147483647;
			files = (
			);
			runOnlyForDeploymentPostprocessing = 0;
		};
/* End PBXFrameworksBuildPhase section */

/* Begin PBXGroup section */
		F47B22641C8FEDFA00483467 = {
			isa = PBXGroup;
			children = (
				F47B226F1C8FEDFA00483467 /* FlapyBird */,
				F47B226E1C8FEDFA00483467 /* Products */,
			);
			sourceTree = "<group>";
		};
		F47B226E1C8FEDFA00483467 /* Products */ = {
			isa = PBXGroup;
			children = (
				F47B226D1C8FEDFA00483467 /* FlapyBird.app */,
			);
			name = Products;
			sourceTree = "<group>";
		};
		F47B226F1C8FEDFA00483467 /* FlapyBird */ = {
			isa = PBXGroup;
			children = (
				F47B22701C8FEDFA00483467 /* AppDelegate.swift */,
				F47B22721C8FEDFA00483467 /* ViewController.swift */,
				F47B22741C8FEDFA00483467 /* Main.storyboard */,
				F47B22771C8FEDFA00483467 /* Assets.xcassets */,
				F47B22791C8FEDFA00483467 /* LaunchScreen.storyboard */,
				F47B227C1C8FEDFA00483467 /* Info.plist */,
			);
			path = FlapyBird;
			sourceTree = "<group>";
		};
/* End PBXGroup section */

/* Begin PBXNativeTarget section */
		F47B226C1C8FEDFA00483467 /* FlapyBird */ = {
			isa = PBXNativeTarget;
			buildConfigurationList = F47B227F1C8FEDFA00483467 /* Build configuration list for PBXNativeTarget "FlapyBird" */;
			buildPhases = (
				F47B22691C8FEDFA00483467 /* Sources */,
				F47B226A1C8FEDFA00483467 /* Frameworks */,
				F47B226B1C8FEDFA00483467 /* Resources */,
			);
			buildRules = (
			);
			dependencies = (
			);
			name = FlapyBird;
			productName = FlapyBird;
			productReference = F47B226D1C8FEDFA00483467 /* FlapyBird.app */;
			productType = "com.apple.product-type.application";
		};
/* End PBXNativeTarget section */

/* Begin PBXProject section */
		F47B22651C8FEDFA00483467 /* Project object */ = {
			isa = PBXProject;
			attributes = {
				LastSwiftUpdateCheck = 0720;
				LastUpgradeCheck = 0720;
				ORGANIZATIONNAME = yosuke.aga;
				TargetAttributes = {
					F47B226C1C8FEDFA00483467 = {
						CreatedOnToolsVersion = 7.2.1;
					};
				};
			};
			buildConfigurationList = F47B22681C8FEDFA00483467 /* Build configuration list for PBXProject "FlapyBird" */;
			compatibilityVersion = "Xcode 3.2";
			developmentRegion = English;
			hasScannedForEncodings = 0;
			knownRegions = (
				en,
				Base,
			);
			mainGroup = F47B22641C8FEDFA00483467;
			productRefGroup = F47B226E1C8FEDFA00483467 /* Products */;
			projectDirPath = "";
			projectRoot = "";
			targets = (
				F47B226C1C8FEDFA00483467 /* FlapyBird */,
			);
		};
/* End PBXProject section */

/* Begin PBXResourcesBuildPhase section */
		F47B226B1C8FEDFA00483467 /* Resources */ = {
			isa = PBXResourcesBuildPhase;
			buildActionMask = 2147483647;
			files = (
				F47B227B1C8FEDFA00483467 /* LaunchScreen.storyboard in Resources */,
				F47B22781C8FEDFA00483467 /* Assets.xcassets in Resources */,
				F47B22761C8FEDFA00483467 /* Main.storyboard in Resources */,
			);
			runOnlyForDeploymentPostprocessing = 0;
		};
/* End PBXResourcesBuildPhase section */

/* Begin PBXSourcesBuildPhase section */
		F47B22691C8FEDFA00483467 /* Sources */ = {
			isa = PBXSourcesBuildPhase;
			buildActionMask = 2147483647;
			files = (
				F47B22731C8FEDFA00483467 /* ViewController.swift in Sources */,
				F47B22711C8FEDFA00483467 /* AppDelegate.swift in Sources */,
			);
			runOnlyForDeploymentPostprocessing = 0;
		};
/* End PBXSourcesBuildPhase section */

/* Begin PBXVariantGroup section */
		F47B22741C8FEDFA00483467 /* Main.storyboard */ = {
			isa = PBXVariantGroup;
			children = (
				F47B22751C8FEDFA00483467 /* Base */,
			);
			name = Main.storyboard;
			sourceTree = "<group>";
		};
		F47B22791C8FEDFA00483467 /* LaunchScreen.storyboard */ = {
			isa = PBXVariantGroup;
			children = (
				F47B227A1C8FEDFA00483467 /* Base */,
			);
			name = LaunchScreen.storyboard;
			sourceTree = "<group>";
		};
/* End PBXVariantGroup section */

/* Begin XCBuildConfiguration section */
		F47B227D1C8FEDFA00483467 /* Debug */ = {
			isa = XCBuildConfiguration;
			buildSettings = {
				ALWAYS_SEARCH_USER_PATHS = NO;
				CLANG_CXX_LANGUAGE_STANDARD = "gnu++0x";
				CLANG_CXX_LIBRARY = "libc++";
				CLANG_ENABLE_MODULES = YES;
				CLANG_ENABLE_OBJC_ARC = YES;
				CLANG_WARN_BOOL_CONVERSION = YES;
				CLANG_WARN_CONSTANT_CONVERSION = YES;
				CLANG_WARN_DIRECT_OBJC_ISA_USAGE = YES_ERROR;
				CLANG_WARN_EMPTY_BODY = YES;
				CLANG_WARN_ENUM_CONVERSION = YES;
				CLANG_WARN_INT_CONVERSION = YES;
				CLANG_WARN_OBJC_ROOT_CLASS = YES_ERROR;
				CLANG_WARN_UNREACHABLE_CODE = YES;
				CLANG_WARN__DUPLICATE_METHOD_MATCH = YES;
				"CODE_SIGN_IDENTITY[sdk=iphoneos*]" = "iPhone Developer";
				COPY_PHASE_STRIP = NO;
				DEBUG_INFORMATION_FORMAT = dwarf;
				ENABLE_STRICT_OBJC_MSGSEND = YES;
				ENABLE_TESTABILITY = YES;
				GCC_C_LANGUAGE_STANDARD = gnu99;
				GCC_DYNAMIC_NO_PIC = NO;
				GCC_NO_COMMON_BLOCKS = YES;
				GCC_OPTIMIZATION_LEVEL = 0;
				GCC_PREPROCESSOR_DEFINITIONS = (
					"DEBUG=1",
					"$(inherited)",
				);
				GCC_WARN_64_TO_32_BIT_CONVERSION = YES;
				GCC_WARN_ABOUT_RETURN_TYPE = YES_ERROR;
				GCC_WARN_UNDECLARED_SELECTOR = YES;
				GCC_WARN_UNINITIALIZED_AUTOS = YES_AGGRESSIVE;
				GCC_WARN_UNUSED_FUNCTION = YES;
				GCC_WARN_UNUSED_VARIABLE = YES;
				IPHONEOS_DEPLOYMENT_TARGET = 9.2;
				MTL_ENABLE_DEBUG_INFO = YES;
				ONLY_ACTIVE_ARCH = YES;
				SDKROOT = iphoneos;
				SWIFT_OPTIMIZATION_LEVEL = "-Onone";
			};
			name = Debug;
		};
		F47B227E1C8FEDFA00483467 /* Release */ = {
			isa = XCBuildConfiguration;
			buildSettings = {
				ALWAYS_SEARCH_USER_PATHS = NO;
				CLANG_CXX_LANGUAGE_STANDARD = "gnu++0x";
				CLANG_CXX_LIBRARY = "libc++";
				CLANG_ENABLE_MODULES = YES;
				CLANG_ENABLE_OBJC_ARC = YES;
				CLANG_WARN_BOOL_CONVERSION = YES;
				CLANG_WARN_CONSTANT_CONVERSION = YES;
				CLANG_WARN_DIRECT_OBJC_ISA_USAGE = YES_ERROR;
				CLANG_WARN_EMPTY_BODY = YES;
				CLANG_WARN_ENUM_CONVERSION = YES;
				CLANG_WARN_INT_CONVERSION = YES;
				CLANG_WARN_OBJC_ROOT_CLASS = YES_ERROR;
				CLANG_WARN_UNREACHABLE_CODE = YES;
				CLANG_WARN__DUPLICATE_METHOD_MATCH = YES;
				"CODE_SIGN_IDENTITY[sdk=iphoneos*]" = "iPhone Developer";
				COPY_PHASE_STRIP = NO;
				DEBUG_INFORMATION_FORMAT = "dwarf-with-dsym";
				ENABLE_NS_ASSERTIONS = NO;
				ENABLE_STRICT_OBJC_MSGSEND = YES;
				GCC_C_LANGUAGE_STANDARD = gnu99;
				GCC_NO_COMMON_BLOCKS = YES;
				GCC_WARN_64_TO_32_BIT_CONVERSION = YES;
				GCC_WARN_ABOUT_RETURN_TYPE = YES_ERROR;
				GCC_WARN_UNDECLARED_SELECTOR = YES;
				GCC_WARN_UNINITIALIZED_AUTOS = YES_AGGRESSIVE;
				GCC_WARN_UNUSED_FUNCTION = YES;
				GCC_WARN_UNUSED_VARIABLE = YES;
				IPHONEOS_DEPLOYMENT_TARGET = 9.2;
				MTL_ENABLE_DEBUG_INFO = NO;
				SDKROOT = iphoneos;
				VALIDATE_PRODUCT = YES;
			};
			name = Release;
		};
		F47B22801C8FEDFA00483467 /* Debug */ = {
			isa = XCBuildConfiguration;
			buildSettings = {
				ASSETCATALOG_COMPILER_APPICON_NAME = AppIcon;
				INFOPLIST_FILE = FlapyBird/Info.plist;
				LD_RUNPATH_SEARCH_PATHS = "$(inherited) @executable_path/Frameworks";
				PRODUCT_BUNDLE_IDENTIFIER = jp.techacademy.yosuke.aga.FlapyBird;
				PRODUCT_NAME = "$(TARGET_NAME)";
			};
			name = Debug;
		};
		F47B22811C8FEDFA00483467 /* Release */ = {
			isa = XCBuildConfiguration;
			buildSettings = {
				ASSETCATALOG_COMPILER_APPICON_NAME = AppIcon;
				INFOPLIST_FILE = FlapyBird/Info.plist;
				LD_RUNPATH_SEARCH_PATHS = "$(inherited) @executable_path/Frameworks";
				PRODUCT_BUNDLE_IDENTIFIER = jp.techacademy.yosuke.aga.FlapyBird;
				PRODUCT_NAME = "$(TARGET_NAME)";
			};
			name = Release;
		};
/* End XCBuildConfiguration section */

/* Begin XCConfigurationList section */
		F47B22681C8FEDFA00483467 /* Build configuration list for PBXProject "FlapyBird" */ = {
			isa = XCConfigurationList;
			buildConfigurations = (
				F47B227D1C8FEDFA00483467 /* Debug */,
				F47B227E1C8FEDFA00483467 /* Release */,
			);
			defaultConfigurationIsVisible = 0;
			defaultConfigurationName = Release;
		};
		F47B227F1C8FEDFA00483467 /* Build configuration list for PBXNativeTarget "FlapyBird" */ = {
			isa = XCConfigurationList;
			buildConfigurations = (
				F47B22801C8FEDFA00483467 /* Debug */,
				F47B22811C8FEDFA00483467 /* Release */,
			);
			defaultConfigurationIsVisible = 0;
		};
/* End XCConfigurationList section */
	};
	rootObject = F47B22651C8FEDFA00483467 /* Project object */;
}
